// !$*UTF8*$!
{
	archiveVersion = 1;
	classes = {
	};
	objectVersion = 56;
	objects = {

/* Begin PBXBuildFile section */
		3F829CD02B7ACC2A0004A49D /* CustomNavigationStack.swift in Sources */ = {isa = PBXBuildFile; fileRef = 3F829CCF2B7ACC2A0004A49D /* CustomNavigationStack.swift */; };
		3F829CD22B7ACDFF0004A49D /* CustomNavigationView.swift in Sources */ = {isa = PBXBuildFile; fileRef = 3F829CD12B7ACDFF0004A49D /* CustomNavigationView.swift */; };
		3F829CD92B7BF5090004A49D /* UIApplicationExtensions.swift in Sources */ = {isa = PBXBuildFile; fileRef = 3F829CD82B7BF5090004A49D /* UIApplicationExtensions.swift */; };
		3F94A8D62B14022200104A59 /* LocationApp.swift in Sources */ = {isa = PBXBuildFile; fileRef = 3F94A8D52B14022200104A59 /* LocationApp.swift */; };
		3F94A8D82B14022200104A59 /* ContentView.swift in Sources */ = {isa = PBXBuildFile; fileRef = 3F94A8D72B14022200104A59 /* ContentView.swift */; };
		3F94A8DA2B14022300104A59 /* Assets.xcassets in Resources */ = {isa = PBXBuildFile; fileRef = 3F94A8D92B14022300104A59 /* Assets.xcassets */; };
		3F94A8DE2B14022300104A59 /* Preview Assets.xcassets in Resources */ = {isa = PBXBuildFile; fileRef = 3F94A8DD2B14022300104A59 /* Preview Assets.xcassets */; };
		3F94A8E52B14049500104A59 /* WelcomeView.swift in Sources */ = {isa = PBXBuildFile; fileRef = 3F94A8E42B14049500104A59 /* WelcomeView.swift */; };
		3F94A8F32B14090B00104A59 /* ReuseModifiers.swift in Sources */ = {isa = PBXBuildFile; fileRef = 3F94A8F22B14090B00104A59 /* ReuseModifiers.swift */; };
		3F94A8F52B140C3E00104A59 /* ColorExtensions.swift in Sources */ = {isa = PBXBuildFile; fileRef = 3F94A8F42B140C3E00104A59 /* ColorExtensions.swift */; };
		3F94A8F72B140EF700104A59 /* ViewExtensions.swift in Sources */ = {isa = PBXBuildFile; fileRef = 3F94A8F62B140EF700104A59 /* ViewExtensions.swift */; };
		3F94A8FA2B14199B00104A59 /* AddLocatoinView.swift in Sources */ = {isa = PBXBuildFile; fileRef = 3F94A8F92B14199B00104A59 /* AddLocatoinView.swift */; };
		3F94A8FC2B14246800104A59 /* AllLocations.swift in Sources */ = {isa = PBXBuildFile; fileRef = 3F94A8FB2B14246800104A59 /* AllLocations.swift */; };
		3F94A8FE2B1665F600104A59 /* Settings.swift in Sources */ = {isa = PBXBuildFile; fileRef = 3F94A8FD2B1665F600104A59 /* Settings.swift */; };
		3F94A9002B1687A600104A59 /* ImageScroller.swift in Sources */ = {isa = PBXBuildFile; fileRef = 3F94A8FF2B1687A600104A59 /* ImageScroller.swift */; };
/* End PBXBuildFile section */

/* Begin PBXFileReference section */
		3F829CCF2B7ACC2A0004A49D /* CustomNavigationStack.swift */ = {isa = PBXFileReference; lastKnownFileType = sourcecode.swift; path = CustomNavigationStack.swift; sourceTree = "<group>"; };
		3F829CD12B7ACDFF0004A49D /* CustomNavigationView.swift */ = {isa = PBXFileReference; lastKnownFileType = sourcecode.swift; path = CustomNavigationView.swift; sourceTree = "<group>"; };
		3F829CD82B7BF5090004A49D /* UIApplicationExtensions.swift */ = {isa = PBXFileReference; lastKnownFileType = sourcecode.swift; path = UIApplicationExtensions.swift; sourceTree = "<group>"; };
		3F94A8D22B14022200104A59 /* Location.app */ = {isa = PBXFileReference; explicitFileType = wrapper.application; includeInIndex = 0; path = Location.app; sourceTree = BUILT_PRODUCTS_DIR; };
		3F94A8D52B14022200104A59 /* LocationApp.swift */ = {isa = PBXFileReference; lastKnownFileType = sourcecode.swift; path = LocationApp.swift; sourceTree = "<group>"; };
		3F94A8D72B14022200104A59 /* ContentView.swift */ = {isa = PBXFileReference; lastKnownFileType = sourcecode.swift; path = ContentView.swift; sourceTree = "<group>"; };
		3F94A8D92B14022300104A59 /* Assets.xcassets */ = {isa = PBXFileReference; lastKnownFileType = folder.assetcatalog; path = Assets.xcassets; sourceTree = "<group>"; };
		3F94A8DB2B14022300104A59 /* Location.entitlements */ = {isa = PBXFileReference; lastKnownFileType = text.plist.entitlements; path = Location.entitlements; sourceTree = "<group>"; };
		3F94A8DD2B14022300104A59 /* Preview Assets.xcassets */ = {isa = PBXFileReference; lastKnownFileType = folder.assetcatalog; path = "Preview Assets.xcassets"; sourceTree = "<group>"; };
		3F94A8E42B14049500104A59 /* WelcomeView.swift */ = {isa = PBXFileReference; lastKnownFileType = sourcecode.swift; path = WelcomeView.swift; sourceTree = "<group>"; };
		3F94A8F22B14090B00104A59 /* ReuseModifiers.swift */ = {isa = PBXFileReference; lastKnownFileType = sourcecode.swift; path = ReuseModifiers.swift; sourceTree = "<group>"; };
		3F94A8F42B140C3E00104A59 /* ColorExtensions.swift */ = {isa = PBXFileReference; lastKnownFileType = sourcecode.swift; path = ColorExtensions.swift; sourceTree = "<group>"; };
		3F94A8F62B140EF700104A59 /* ViewExtensions.swift */ = {isa = PBXFileReference; lastKnownFileType = sourcecode.swift; path = ViewExtensions.swift; sourceTree = "<group>"; };
		3F94A8F92B14199B00104A59 /* AddLocatoinView.swift */ = {isa = PBXFileReference; lastKnownFileType = sourcecode.swift; path = AddLocatoinView.swift; sourceTree = "<group>"; };
		3F94A8FB2B14246800104A59 /* AllLocations.swift */ = {isa = PBXFileReference; lastKnownFileType = sourcecode.swift; path = AllLocations.swift; sourceTree = "<group>"; };
		3F94A8FD2B1665F600104A59 /* Settings.swift */ = {isa = PBXFileReference; lastKnownFileType = sourcecode.swift; path = Settings.swift; sourceTree = "<group>"; };
		3F94A8FF2B1687A600104A59 /* ImageScroller.swift */ = {isa = PBXFileReference; lastKnownFileType = sourcecode.swift; path = ImageScroller.swift; sourceTree = "<group>"; };
/* End PBXFileReference section */

/* Begin PBXFrameworksBuildPhase section */
		3F94A8CF2B14022200104A59 /* Frameworks */ = {
			isa = PBXFrameworksBuildPhase;
			buildActionMask = 2147483647;
			files = (
			);
			runOnlyForDeploymentPostprocessing = 0;
		};
/* End PBXFrameworksBuildPhase section */

/* Begin PBXGroup section */
		3F829CCE2B7ACAFB0004A49D /* Navigation */ = {
			isa = PBXGroup;
			children = (
				3F829CCF2B7ACC2A0004A49D /* CustomNavigationStack.swift */,
				3F829CD12B7ACDFF0004A49D /* CustomNavigationView.swift */,
			);
			path = Navigation;
			sourceTree = "<group>";
		};
		3F94A8C92B14022200104A59 = {
			isa = PBXGroup;
			children = (
				3F94A8D42B14022200104A59 /* Location */,
				3F94A8D32B14022200104A59 /* Products */,
			);
			sourceTree = "<group>";
		};
		3F94A8D32B14022200104A59 /* Products */ = {
			isa = PBXGroup;
			children = (
				3F94A8D22B14022200104A59 /* Location.app */,
			);
			name = Products;
			sourceTree = "<group>";
		};
		3F94A8D42B14022200104A59 /* Location */ = {
			isa = PBXGroup;
			children = (
				3F94A8D52B14022200104A59 /* LocationApp.swift */,
				3F94A8D72B14022200104A59 /* ContentView.swift */,
				3F94A8E42B14049500104A59 /* WelcomeView.swift */,
				3F94A8FB2B14246800104A59 /* AllLocations.swift */,
				3F94A8F92B14199B00104A59 /* AddLocatoinView.swift */,
				3F94A8FD2B1665F600104A59 /* Settings.swift */,
				3F94A8FF2B1687A600104A59 /* ImageScroller.swift */,
				3F829CCE2B7ACAFB0004A49D /* Navigation */,
				3F94A8F82B14182D00104A59 /* UtilsAndExtensions */,
				3F94A8D92B14022300104A59 /* Assets.xcassets */,
				3F94A8DB2B14022300104A59 /* Location.entitlements */,
				3F94A8DC2B14022300104A59 /* Preview Content */,
			);
			path = Location;
			sourceTree = "<group>";
		};
		3F94A8DC2B14022300104A59 /* Preview Content */ = {
			isa = PBXGroup;
			children = (
				3F94A8DD2B14022300104A59 /* Preview Assets.xcassets */,
			);
			path = "Preview Content";
			sourceTree = "<group>";
		};
		3F94A8F82B14182D00104A59 /* UtilsAndExtensions */ = {
			isa = PBXGroup;
			children = (
				3F94A8F62B140EF700104A59 /* ViewExtensions.swift */,
				3F829CD82B7BF5090004A49D /* UIApplicationExtensions.swift */,
				3F94A8F42B140C3E00104A59 /* ColorExtensions.swift */,
				3F94A8F22B14090B00104A59 /* ReuseModifiers.swift */,
			);
			path = UtilsAndExtensions;
			sourceTree = "<group>";
		};
/* End PBXGroup section */

/* Begin PBXNativeTarget section */
		3F94A8D12B14022200104A59 /* Location */ = {
			isa = PBXNativeTarget;
			buildConfigurationList = 3F94A8E12B14022300104A59 /* Build configuration list for PBXNativeTarget "Location" */;
			buildPhases = (
				3F94A8CE2B14022200104A59 /* Sources */,
				3F94A8CF2B14022200104A59 /* Frameworks */,
				3F94A8D02B14022200104A59 /* Resources */,
			);
			buildRules = (
			);
			dependencies = (
			);
			name = Location;
			productName = Location;
			productReference = 3F94A8D22B14022200104A59 /* Location.app */;
			productType = "com.apple.product-type.application";
		};
/* End PBXNativeTarget section */

/* Begin PBXProject section */
		3F94A8CA2B14022200104A59 /* Project object */ = {
			isa = PBXProject;
			attributes = {
				BuildIndependentTargetsInParallel = 1;
				LastSwiftUpdateCheck = 1500;
				LastUpgradeCheck = 1500;
				TargetAttributes = {
					3F94A8D12B14022200104A59 = {
						CreatedOnToolsVersion = 15.0.1;
					};
				};
			};
			buildConfigurationList = 3F94A8CD2B14022200104A59 /* Build configuration list for PBXProject "Location" */;
			compatibilityVersion = "Xcode 14.0";
			developmentRegion = en;
			hasScannedForEncodings = 0;
			knownRegions = (
				en,
				Base,
			);
			mainGroup = 3F94A8C92B14022200104A59;
			productRefGroup = 3F94A8D32B14022200104A59 /* Products */;
			projectDirPath = "";
			projectRoot = "";
			targets = (
				3F94A8D12B14022200104A59 /* Location */,
			);
		};
/* End PBXProject section */

/* Begin PBXResourcesBuildPhase section */
		3F94A8D02B14022200104A59 /* Resources */ = {
			isa = PBXResourcesBuildPhase;
			buildActionMask = 2147483647;
			files = (
				3F94A8DE2B14022300104A59 /* Preview Assets.xcassets in Resources */,
				3F94A8DA2B14022300104A59 /* Assets.xcassets in Resources */,
			);
			runOnlyForDeploymentPostprocessing = 0;
		};
/* End PBXResourcesBuildPhase section */

/* Begin PBXSourcesBuildPhase section */
		3F94A8CE2B14022200104A59 /* Sources */ = {
			isa = PBXSourcesBuildPhase;
			buildActionMask = 2147483647;
			files = (
				3F829CD22B7ACDFF0004A49D /* CustomNavigationView.swift in Sources */,
				3F94A9002B1687A600104A59 /* ImageScroller.swift in Sources */,
				3F829CD92B7BF5090004A49D /* UIApplicationExtensions.swift in Sources */,
				3F94A8F52B140C3E00104A59 /* ColorExtensions.swift in Sources */,
				3F94A8FE2B1665F600104A59 /* Settings.swift in Sources */,
				3F94A8D82B14022200104A59 /* ContentView.swift in Sources */,
				3F94A8E52B14049500104A59 /* WelcomeView.swift in Sources */,
				3F94A8FC2B14246800104A59 /* AllLocations.swift in Sources */,
				3F829CD02B7ACC2A0004A49D /* CustomNavigationStack.swift in Sources */,
				3F94A8F32B14090B00104A59 /* ReuseModifiers.swift in Sources */,
				3F94A8FA2B14199B00104A59 /* AddLocatoinView.swift in Sources */,
				3F94A8F72B140EF700104A59 /* ViewExtensions.swift in Sources */,
				3F94A8D62B14022200104A59 /* LocationApp.swift in Sources */,
			);
			runOnlyForDeploymentPostprocessing = 0;
		};
/* End PBXSourcesBuildPhase section */

/* Begin XCBuildConfiguration section */
		3F94A8DF2B14022300104A59 /* Debug */ = {
			isa = XCBuildConfiguration;
			buildSettings = {
				ALWAYS_SEARCH_USER_PATHS = NO;
				ASSETCATALOG_COMPILER_GENERATE_SWIFT_ASSET_SYMBOL_EXTENSIONS = YES;
				CLANG_ANALYZER_NONNULL = YES;
				CLANG_ANALYZER_NUMBER_OBJECT_CONVERSION = YES_AGGRESSIVE;
				CLANG_CXX_LANGUAGE_STANDARD = "gnu++20";
				CLANG_ENABLE_MODULES = YES;
				CLANG_ENABLE_OBJC_ARC = YES;
				CLANG_ENABLE_OBJC_WEAK = YES;
				CLANG_WARN_BLOCK_CAPTURE_AUTORELEASING = YES;
				CLANG_WARN_BOOL_CONVERSION = YES;
				CLANG_WARN_COMMA = YES;
				CLANG_WARN_CONSTANT_CONVERSION = YES;
				CLANG_WARN_DEPRECATED_OBJC_IMPLEMENTATIONS = YES;
				CLANG_WARN_DIRECT_OBJC_ISA_USAGE = YES_ERROR;
				CLANG_WARN_DOCUMENTATION_COMMENTS = YES;
				CLANG_WARN_EMPTY_BODY = YES;
				CLANG_WARN_ENUM_CONVERSION = YES;
				CLANG_WARN_INFINITE_RECURSION = YES;
				CLANG_WARN_INT_CONVERSION = YES;
				CLANG_WARN_NON_LITERAL_NULL_CONVERSION = YES;
				CLANG_WARN_OBJC_IMPLICIT_RETAIN_SELF = YES;
				CLANG_WARN_OBJC_LITERAL_CONVERSION = YES;
				CLANG_WARN_OBJC_ROOT_CLASS = YES_ERROR;
				CLANG_WARN_QUOTED_INCLUDE_IN_FRAMEWORK_HEADER = YES;
				CLANG_WARN_RANGE_LOOP_ANALYSIS = YES;
				CLANG_WARN_STRICT_PROTOTYPES = YES;
				CLANG_WARN_SUSPICIOUS_MOVE = YES;
				CLANG_WARN_UNGUARDED_AVAILABILITY = YES_AGGRESSIVE;
				CLANG_WARN_UNREACHABLE_CODE = YES;
				CLANG_WARN__DUPLICATE_METHOD_MATCH = YES;
				COPY_PHASE_STRIP = NO;
				DEBUG_INFORMATION_FORMAT = dwarf;
				ENABLE_STRICT_OBJC_MSGSEND = YES;
				ENABLE_TESTABILITY = YES;
				ENABLE_USER_SCRIPT_SANDBOXING = YES;
				GCC_C_LANGUAGE_STANDARD = gnu17;
				GCC_DYNAMIC_NO_PIC = NO;
				GCC_NO_COMMON_BLOCKS = YES;
				GCC_OPTIMIZATION_LEVEL = 0;
				GCC_PREPROCESSOR_DEFINITIONS = (
					"DEBUG=1",
					"$(inherited)",
				);
				GCC_WARN_64_TO_32_BIT_CONVERSION = YES;
				GCC_WARN_ABOUT_RETURN_TYPE = YES_ERROR;
				GCC_WARN_UNDECLARED_SELECTOR = YES;
				GCC_WARN_UNINITIALIZED_AUTOS = YES_AGGRESSIVE;
				GCC_WARN_UNUSED_FUNCTION = YES;
				GCC_WARN_UNUSED_VARIABLE = YES;
				LOCALIZATION_PREFERS_STRING_CATALOGS = YES;
				MTL_ENABLE_DEBUG_INFO = INCLUDE_SOURCE;
				MTL_FAST_MATH = YES;
				ONLY_ACTIVE_ARCH = YES;
				SWIFT_ACTIVE_COMPILATION_CONDITIONS = "DEBUG $(inherited)";
				SWIFT_OPTIMIZATION_LEVEL = "-Onone";
			};
			name = Debug;
		};
		3F94A8E02B14022300104A59 /* Release */ = {
			isa = XCBuildConfiguration;
			buildSettings = {
				ALWAYS_SEARCH_USER_PATHS = NO;
				ASSETCATALOG_COMPILER_GENERATE_SWIFT_ASSET_SYMBOL_EXTENSIONS = YES;
				CLANG_ANALYZER_NONNULL = YES;
				CLANG_ANALYZER_NUMBER_OBJECT_CONVERSION = YES_AGGRESSIVE;
				CLANG_CXX_LANGUAGE_STANDARD = "gnu++20";
				CLANG_ENABLE_MODULES = YES;
				CLANG_ENABLE_OBJC_ARC = YES;
				CLANG_ENABLE_OBJC_WEAK = YES;
				CLANG_WARN_BLOCK_CAPTURE_AUTORELEASING = YES;
				CLANG_WARN_BOOL_CONVERSION = YES;
				CLANG_WARN_COMMA = YES;
				CLANG_WARN_CONSTANT_CONVERSION = YES;
				CLANG_WARN_DEPRECATED_OBJC_IMPLEMENTATIONS = YES;
				CLANG_WARN_DIRECT_OBJC_ISA_USAGE = YES_ERROR;
				CLANG_WARN_DOCUMENTATION_COMMENTS = YES;
				CLANG_WARN_EMPTY_BODY = YES;
				CLANG_WARN_ENUM_CONVERSION = YES;
				CLANG_WARN_INFINITE_RECURSION = YES;
				CLANG_WARN_INT_CONVERSION = YES;
				CLANG_WARN_NON_LITERAL_NULL_CONVERSION = YES;
				CLANG_WARN_OBJC_IMPLICIT_RETAIN_SELF = YES;
				CLANG_WARN_OBJC_LITERAL_CONVERSION = YES;
				CLANG_WARN_OBJC_ROOT_CLASS = YES_ERROR;
				CLANG_WARN_QUOTED_INCLUDE_IN_FRAMEWORK_HEADER = YES;
				CLANG_WARN_RANGE_LOOP_ANALYSIS = YES;
				CLANG_WARN_STRICT_PROTOTYPES = YES;
				CLANG_WARN_SUSPICIOUS_MOVE = YES;
				CLANG_WARN_UNGUARDED_AVAILABILITY = YES_AGGRESSIVE;
				CLANG_WARN_UNREACHABLE_CODE = YES;
				CLANG_WARN__DUPLICATE_METHOD_MATCH = YES;
				COPY_PHASE_STRIP = NO;
				DEBUG_INFORMATION_FORMAT = "dwarf-with-dsym";
				ENABLE_NS_ASSERTIONS = NO;
				ENABLE_STRICT_OBJC_MSGSEND = YES;
				ENABLE_USER_SCRIPT_SANDBOXING = YES;
				GCC_C_LANGUAGE_STANDARD = gnu17;
				GCC_NO_COMMON_BLOCKS = YES;
				GCC_WARN_64_TO_32_BIT_CONVERSION = YES;
				GCC_WARN_ABOUT_RETURN_TYPE = YES_ERROR;
				GCC_WARN_UNDECLARED_SELECTOR = YES;
				GCC_WARN_UNINITIALIZED_AUTOS = YES_AGGRESSIVE;
				GCC_WARN_UNUSED_FUNCTION = YES;
				GCC_WARN_UNUSED_VARIABLE = YES;
				LOCALIZATION_PREFERS_STRING_CATALOGS = YES;
				MTL_ENABLE_DEBUG_INFO = NO;
				MTL_FAST_MATH = YES;
				SWIFT_COMPILATION_MODE = wholemodule;
			};
			name = Release;
		};
		3F94A8E22B14022300104A59 /* Debug */ = {
			isa = XCBuildConfiguration;
			buildSettings = {
				ASSETCATALOG_COMPILER_APPICON_NAME = AppIcon;
				ASSETCATALOG_COMPILER_GLOBAL_ACCENT_COLOR_NAME = AccentColor;
				CODE_SIGN_ENTITLEMENTS = Location/Location.entitlements;
				CODE_SIGN_STYLE = Automatic;
				CURRENT_PROJECT_VERSION = 1;
				DEVELOPMENT_ASSET_PATHS = "\"Location/Preview Content\"";
				DEVELOPMENT_TEAM = 48LFZKW6R6;
				ENABLE_HARDENED_RUNTIME = YES;
				ENABLE_PREVIEWS = YES;
				GENERATE_INFOPLIST_FILE = YES;
				"INFOPLIST_KEY_UIApplicationSceneManifest_Generation[sdk=iphoneos*]" = YES;
				"INFOPLIST_KEY_UIApplicationSceneManifest_Generation[sdk=iphonesimulator*]" = YES;
				"INFOPLIST_KEY_UIApplicationSupportsIndirectInputEvents[sdk=iphoneos*]" = YES;
				"INFOPLIST_KEY_UIApplicationSupportsIndirectInputEvents[sdk=iphonesimulator*]" = YES;
				"INFOPLIST_KEY_UILaunchScreen_Generation[sdk=iphoneos*]" = YES;
				"INFOPLIST_KEY_UILaunchScreen_Generation[sdk=iphonesimulator*]" = YES;
				"INFOPLIST_KEY_UIStatusBarStyle[sdk=iphoneos*]" = UIStatusBarStyleDefault;
				"INFOPLIST_KEY_UIStatusBarStyle[sdk=iphonesimulator*]" = UIStatusBarStyleDefault;
				INFOPLIST_KEY_UISupportedInterfaceOrientations_iPad = "UIInterfaceOrientationPortrait UIInterfaceOrientationPortraitUpsideDown UIInterfaceOrientationLandscapeLeft UIInterfaceOrientationLandscapeRight";
				INFOPLIST_KEY_UISupportedInterfaceOrientations_iPhone = "UIInterfaceOrientationPortrait UIInterfaceOrientationLandscapeLeft UIInterfaceOrientationLandscapeRight";
				IPHONEOS_DEPLOYMENT_TARGET = 17.0;
				LD_RUNPATH_SEARCH_PATHS = "@executable_path/Frameworks";
				"LD_RUNPATH_SEARCH_PATHS[sdk=macosx*]" = "@executable_path/../Frameworks";
				MACOSX_DEPLOYMENT_TARGET = 14.0;
				MARKETING_VERSION = 1.0;
				PRODUCT_BUNDLE_IDENTIFIER = com.merezhko.Location;
				PRODUCT_NAME = "$(TARGET_NAME)";
				SDKROOT = auto;
				SUPPORTED_PLATFORMS = "iphoneos iphonesimulator macosx";
				SWIFT_EMIT_LOC_STRINGS = YES;
				SWIFT_VERSION = 5.0;
				TARGETED_DEVICE_FAMILY = "1,2";
			};
			name = Debug;
		};
		3F94A8E32B14022300104A59 /* Release */ = {
			isa = XCBuildConfiguration;
			buildSettings = {
				ASSETCATALOG_COMPILER_APPICON_NAME = AppIcon;
				ASSETCATALOG_COMPILER_GLOBAL_ACCENT_COLOR_NAME = AccentColor;
				CODE_SIGN_ENTITLEMENTS = Location/Location.entitlements;
				CODE_SIGN_STYLE = Automatic;
				CURRENT_PROJECT_VERSION = 1;
				DEVELOPMENT_ASSET_PATHS = "\"Location/Preview Content\"";
				DEVELOPMENT_TEAM = 48LFZKW6R6;
				ENABLE_HARDENED_RUNTIME = YES;
				ENABLE_PREVIEWS = YES;
				GENERATE_INFOPLIST_FILE = YES;
				"INFOPLIST_KEY_UIApplicationSceneManifest_Generation[sdk=iphoneos*]" = YES;
				"INFOPLIST_KEY_UIApplicationSceneManifest_Generation[sdk=iphonesimulator*]" = YES;
				"INFOPLIST_KEY_UIApplicationSupportsIndirectInputEvents[sdk=iphoneos*]" = YES;
				"INFOPLIST_KEY_UIApplicationSupportsIndirectInputEvents[sdk=iphonesimulator*]" = YES;
				"INFOPLIST_KEY_UILaunchScreen_Generation[sdk=iphoneos*]" = YES;
				"INFOPLIST_KEY_UILaunchScreen_Generation[sdk=iphonesimulator*]" = YES;
				"INFOPLIST_KEY_UIStatusBarStyle[sdk=iphoneos*]" = UIStatusBarStyleDefault;
				"INFOPLIST_KEY_UIStatusBarStyle[sdk=iphonesimulator*]" = UIStatusBarStyleDefault;
				INFOPLIST_KEY_UISupportedInterfaceOrientations_iPad = "UIInterfaceOrientationPortrait UIInterfaceOrientationPortraitUpsideDown UIInterfaceOrientationLandscapeLeft UIInterfaceOrientationLandscapeRight";
				INFOPLIST_KEY_UISupportedInterfaceOrientations_iPhone = "UIInterfaceOrientationPortrait UIInterfaceOrientationLandscapeLeft UIInterfaceOrientationLandscapeRight";
				IPHONEOS_DEPLOYMENT_TARGET = 17.0;
				LD_RUNPATH_SEARCH_PATHS = "@executable_path/Frameworks";
				"LD_RUNPATH_SEARCH_PATHS[sdk=macosx*]" = "@executable_path/../Frameworks";
				MACOSX_DEPLOYMENT_TARGET = 14.0;
				MARKETING_VERSION = 1.0;
				PRODUCT_BUNDLE_IDENTIFIER = com.merezhko.Location;
				PRODUCT_NAME = "$(TARGET_NAME)";
				SDKROOT = auto;
				SUPPORTED_PLATFORMS = "iphoneos iphonesimulator macosx";
				SWIFT_EMIT_LOC_STRINGS = YES;
				SWIFT_VERSION = 5.0;
				TARGETED_DEVICE_FAMILY = "1,2";
			};
			name = Release;
		};
/* End XCBuildConfiguration section */

/* Begin XCConfigurationList section */
		3F94A8CD2B14022200104A59 /* Build configuration list for PBXProject "Location" */ = {
			isa = XCConfigurationList;
			buildConfigurations = (
				3F94A8DF2B14022300104A59 /* Debug */,
				3F94A8E02B14022300104A59 /* Release */,
			);
			defaultConfigurationIsVisible = 0;
			defaultConfigurationName = Release;
		};
		3F94A8E12B14022300104A59 /* Build configuration list for PBXNativeTarget "Location" */ = {
			isa = XCConfigurationList;
			buildConfigurations = (
				3F94A8E22B14022300104A59 /* Debug */,
				3F94A8E32B14022300104A59 /* Release */,
			);
			defaultConfigurationIsVisible = 0;
			defaultConfigurationName = Release;
		};
/* End XCConfigurationList section */
	};
	rootObject = 3F94A8CA2B14022200104A59 /* Project object */;
}
